
Microsoft Visual Studio Solution File, Format Version 12.00
# Visual Studio Version 17
VisualStudioVersion = 17.11.35327.3
MinimumVisualStudioVersion = 10.0.40219.1
Project("{9A19103F-16F7-4668-BE54-9A1E7A4F7556}") = "Refactoring", "Refactoring.csproj", "{639A0B55-AD37-4786-945F-F095FC7713F8}"
EndProject
Project("{9A19103F-16F7-4668-BE54-9A1E7A4F7556}") = "Refactoring.Tests", "..\Refactoring.Tests\Refactoring.Tests.csproj", "{9585D2AE-E7DA-4163-B260-2C3373F7422B}"
EndProject
Global
	GlobalSection(SolutionConfigurationPlatforms) = preSolution
		Debug|Any CPU = Debug|Any CPU
		Release|Any CPU = Release|Any CPU
	EndGlobalSection
	GlobalSection(ProjectConfigurationPlatforms) = postSolution
		{639A0B55-AD37-4786-945F-F095FC7713F8}.Debug|Any CPU.ActiveCfg = Debug|Any CPU
		{639A0B55-AD37-4786-945F-F095FC7713F8}.Debug|Any CPU.Build.0 = Debug|Any CPU
		{639A0B55-AD37-4786-945F-F095FC7713F8}.Release|Any CPU.ActiveCfg = Release|Any CPU
		{639A0B55-AD37-4786-945F-F095FC7713F8}.Release|Any CPU.Build.0 = Release|Any CPU
		{9585D2AE-E7DA-4163-B260-2C3373F7422B}.Debug|Any CPU.ActiveCfg = Debug|Any CPU
		{9585D2AE-E7DA-4163-B260-2C3373F7422B}.Debug|Any CPU.Build.0 = Debug|Any CPU
		{9585D2AE-E7DA-4163-B260-2C3373F7422B}.Release|Any CPU.ActiveCfg = Release|Any CPU
		{9585D2AE-E7DA-4163-B260-2C3373F7422B}.Release|Any CPU.Build.0 = Release|Any CPU
	EndGlobalSection
	GlobalSection(SolutionProperties) = preSolution
		HideSolutionNode = FALSE
	EndGlobalSection
	GlobalSection(ExtensibilityGlobals) = postSolution
		SolutionGuid = {122B7556-C007-47D7-BB06-85BD3D1A02D5}
	EndGlobalSection
EndGlobal
